{
  "name": "yet-another-discord.js-musicbot-addon",
  "version": "2.2.0",
  "lockfileVersion": 1,
  "requires": true,
  "dependencies": {
    "@discordjs/collection": {
      "version": "0.1.2",
      "resolved": "https://registry.npmjs.org/@discordjs/collection/-/collection-0.1.2.tgz",
      "integrity": "sha512-N4lTTbLYb4aiOVqi2xQgkNrzWouCkT1QisAVg/gi1h4rZdw8d5JEuIdqISkG+Zl8BTmyxEb8zXmfsORLGoeDig=="
    },
    "@types/node": {
      "version": "11.13.20",
      "resolved": "https://registry.npmjs.org/@types/node/-/node-11.13.20.tgz",
      "integrity": "sha512-JE0UpLWZTV1sGcaj0hN+Q0760OEjpgyFJ06DOMVW6qKBducKdJQaIw0TGL6ccj7VXRduIOHLWQi+tHwulZJHVQ=="
    },
    "abort-controller": {
      "version": "3.0.0",
      "resolved": "https://registry.npmjs.org/abort-controller/-/abort-controller-3.0.0.tgz",
      "integrity": "sha512-h8lQ8tacZYnR3vNQTgibj+tODHI5/+l06Au2Pcriv/Gmet0eaj4TwWH41sO9wnHDiQsEj19q0drzdWdeAHtweg==",
      "requires": {
        "event-target-shim": "^5.0.0"
      }
    },
    "async-limiter": {
      "version": "1.0.1",
      "resolved": "https://registry.npmjs.org/async-limiter/-/async-limiter-1.0.1.tgz",
      "integrity": "sha512-csOlWGAcRFJaI6m+F2WKdnMKr4HhdhFVBk0H/QbJFMCr+uO2kwohwXQPxw/9OCxp05r5ghVBFSyioixx3gfkNQ=="
    },
    "asynckit": {
      "version": "0.4.0",
      "resolved": "https://registry.npmjs.org/asynckit/-/asynckit-0.4.0.tgz",
      "integrity": "sha1-x57Zf380y48robyXkLzDZkdLS3k="
    },
    "combined-stream": {
      "version": "1.0.8",
      "resolved": "https://registry.npmjs.org/combined-stream/-/combined-stream-1.0.8.tgz",
      "integrity": "sha512-FQN4MRfuJeHf7cBbBMJFXhKSDq+2kAArBlmRBvcvFE5BB1HZKXtSFASDhdlz9zOYwxh8lDdnvmMOe/+5cdoEdg==",
      "requires": {
        "delayed-stream": "~1.0.0"
      }
    },
    "delayed-stream": {
      "version": "1.0.0",
      "resolved": "https://registry.npmjs.org/delayed-stream/-/delayed-stream-1.0.0.tgz",
      "integrity": "sha1-3zrhmayt+31ECqrgsp4icrJOxhk="
    },
    "discord.js": {
      "version": "github:discordjs/discord.js#ea9e1441905e67e2627a6f5e80a8d989d01376c5",
      "from": "github:discordjs/discord.js",
      "requires": {
        "@discordjs/collection": "^0.1.1",
        "abort-controller": "^3.0.0",
        "form-data": "^2.3.3",
        "node-fetch": "^2.3.0",
        "pako": "^1.0.8",
        "prism-media": "^1.0.0",
        "setimmediate": "^1.0.5",
        "tweetnacl": "^1.0.1",
        "ws": "^6.1.3"
      }
    },
    "discord.js-pagination": {
      "version": "github:saanuregh/discord.js-pagination#5e103d2aebd86272ef7459eff4e3acf6b19937b9",
      "from": "github:saanuregh/discord.js-pagination"
    },
    "event-target-shim": {
      "version": "5.0.1",
      "resolved": "https://registry.npmjs.org/event-target-shim/-/event-target-shim-5.0.1.tgz",
      "integrity": "sha512-i/2XbnSz/uxRCU6+NdVJgKWDTM427+MqYbkQzD321DuCQJUqOuJKIA0IM2+W2xtYHdKOmZ4dR6fExsd4SXL+WQ=="
    },
    "form-data": {
      "version": "2.5.0",
      "resolved": "https://registry.npmjs.org/form-data/-/form-data-2.5.0.tgz",
      "integrity": "sha512-WXieX3G/8side6VIqx44ablyULoGruSde5PNTxoUyo5CeyAMX6nVWUd0rgist/EuX655cjhUhTo1Fo3tRYqbcA==",
      "requires": {
        "asynckit": "^0.4.0",
        "combined-stream": "^1.0.6",
        "mime-types": "^2.1.12"
      }
    },
    "html-entities": {
      "version": "1.2.1",
      "resolved": "https://registry.npmjs.org/html-entities/-/html-entities-1.2.1.tgz",
      "integrity": "sha1-DfKTUfByEWNRXfueVUPl9u7VFi8="
    },
    "m3u8stream": {
      "version": "0.6.2",
      "resolved": "https://registry.npmjs.org/m3u8stream/-/m3u8stream-0.6.2.tgz",
      "integrity": "sha512-WsuM2bd5pPN80xvfrB+1DZqr4M7+kJl8byi6+ZCy6cmVjEiHhmr/desN53Ngsa6Hs13kYumeVgT4wL0oIJ+v6g==",
      "requires": {
        "miniget": "^1.4.0",
        "sax": "^1.2.4"
      }
    },
    "mime-db": {
      "version": "1.40.0",
      "resolved": "https://registry.npmjs.org/mime-db/-/mime-db-1.40.0.tgz",
      "integrity": "sha512-jYdeOMPy9vnxEqFRRo6ZvTZ8d9oPb+k18PKoYNYUe2stVEBPPwsln/qWzdbmaIvnhZ9v2P+CuecK+fpUfsV2mA=="
    },
    "mime-types": {
      "version": "2.1.24",
      "resolved": "https://registry.npmjs.org/mime-types/-/mime-types-2.1.24.tgz",
      "integrity": "sha512-WaFHS3MCl5fapm3oLxU4eYDw77IQM2ACcxQ9RIxfaC3ooc6PFuBMGZZsYpvoXS5D5QTWPieo1jjLdAm3TBP3cQ==",
      "requires": {
        "mime-db": "1.40.0"
      }
    },
    "miniget": {
      "version": "1.5.3",
      "resolved": "https://registry.npmjs.org/miniget/-/miniget-1.5.3.tgz",
      "integrity": "sha512-6xiJs3ZGBdrNMlPNlEWirHhY53hSW33nG1Ytub9Cg5+jLhFPn9PGe4FmPZK9WlmDE1N7/8DEL7PGr7r9kbxwgw=="
    },
    "moment": {
      "version": "2.24.0",
      "resolved": "https://registry.npmjs.org/moment/-/moment-2.24.0.tgz",
      "integrity": "sha512-bV7f+6l2QigeBBZSM/6yTNq4P2fNpSWj/0e7jQcy87A8e7o2nAfP/34/2ky5Vw4B9S446EtIhodAzkFCcR4dQg=="
    },
    "moment-duration-format": {
      "version": "2.3.2",
      "resolved": "https://registry.npmjs.org/moment-duration-format/-/moment-duration-format-2.3.2.tgz",
      "integrity": "sha512-cBMXjSW+fjOb4tyaVHuaVE/A5TqkukDWiOfxxAjY+PEqmmBQlLwn+8OzwPiG3brouXKY5Un4pBjAeB6UToXHaQ=="
    },
    "node-fetch": {
      "version": "2.6.0",
      "resolved": "https://registry.npmjs.org/node-fetch/-/node-fetch-2.6.0.tgz",
      "integrity": "sha512-8dG4H5ujfvFiqDmVu9fQ5bOHUC15JMjMY/Zumv26oOvvVJjM67KF8koCWIabKQ1GJIa9r2mMZscBq/TbdOcmNA=="
    },
    "node-superfetch": {
      "version": "0.1.9",
      "resolved": "https://registry.npmjs.org/node-superfetch/-/node-superfetch-0.1.9.tgz",
      "integrity": "sha512-59rrdbpPmVIbizlRFRKTtzuvenG0Qnp48wUff4yXqTHKvKhYU7G7nxUVE/a1A/iva1MWLEQ+/ots3oM4JpEQIA==",
      "requires": {
        "form-data": "^2.3.2",
        "node-fetch": "^2.2.0"
      }
    },
    "pako": {
      "version": "1.0.10",
      "resolved": "https://registry.npmjs.org/pako/-/pako-1.0.10.tgz",
      "integrity": "sha512-0DTvPVU3ed8+HNXOu5Bs+o//Mbdj9VNQMUOe9oKCwh8l0GNwpTDMKCWbRjgtD291AWnkAgkqA/LOnQS8AmS1tw=="
    },
    "prism-media": {
      "version": "1.1.0",
      "resolved": "https://registry.npmjs.org/prism-media/-/prism-media-1.1.0.tgz",
      "integrity": "sha512-W+oxjRyjtd7hw3pefNZuc7YEZ6VICORJvVNfCPs0+7CsJ43CqMjGAYGjPL3hQ82vw03EVra+CiX4zisqOBUUGw=="
    },
    "sax": {
      "version": "1.2.4",
      "resolved": "https://registry.npmjs.org/sax/-/sax-1.2.4.tgz",
      "integrity": "sha512-NqVDv9TpANUjFm0N8uM5GxL36UgKi9/atZw+x7YFnQ8ckwFGKrl4xX4yWtrey3UJm5nP1kUbnYgLopqWNSRhWw=="
    },
    "setimmediate": {
      "version": "1.0.5",
      "resolved": "https://registry.npmjs.org/setimmediate/-/setimmediate-1.0.5.tgz",
      "integrity": "sha1-KQy7Iy4waULX1+qbg3Mqt4VvgoU="
    },
    "tweetnacl": {
      "version": "1.0.1",
      "resolved": "https://registry.npmjs.org/tweetnacl/-/tweetnacl-1.0.1.tgz",
      "integrity": "sha512-kcoMoKTPYnoeS50tzoqjPY3Uv9axeuuFAZY9M/9zFnhoVvRfxz9K29IMPD7jGmt2c8SW7i3gT9WqDl2+nV7p4A=="
    },
    "ws": {
      "version": "6.2.1",
      "resolved": "https://registry.npmjs.org/ws/-/ws-6.2.1.tgz",
      "integrity": "sha512-GIyAXC2cB7LjvpgMt9EKS2ldqr0MTrORaleiOno6TweZ6r3TKtoFQWay/2PceJ3RuBasOHzXNn5Lrw1X0bEjqA==",
      "requires": {
        "async-limiter": "~1.0.0"
      }
    },
    "ytdl-core": {
      "version": "0.29.7",
      "resolved": "https://registry.npmjs.org/ytdl-core/-/ytdl-core-0.29.7.tgz",
      "integrity": "sha512-mqPuZ1UyspT84lyV1FSU1UAoiQ4H5j52ba3sC1LC43OmL8qNaDIRCGffGlpiakQrc69qsplNWsWEZUF+J5bhJA==",
      "requires": {
        "html-entities": "^1.1.3",
        "m3u8stream": "^0.6.2",
        "miniget": "^1.5.3",
        "sax": "^1.1.3"
      }
    },
    "ytdl-core-discord": {
      "version": "github:amishshah/ytdl-core-discord#c5ba233ca3d4c66bf8a3e954c550ea204c1d6b96",
      "from": "github:amishshah/ytdl-core-discord",
      "requires": {
        "@types/node": "^11.11.3",
        "prism-media": "^1.0.1",
        "ytdl-core": "^0.29.1"
      }
    },
    "ytpl": {
      "version": "0.1.16",
      "resolved": "https://registry.npmjs.org/ytpl/-/ytpl-0.1.16.tgz",
      "integrity": "sha512-QAYTnfSafLJCzFqGUL9QNK+pD/0w0N086e50xhdaBadM+HILg9PijgHheqzJaLy3jskATizSQ1XeQ6ypL/LLtQ==",
      "requires": {
        "html-entities": "^1.1.3"
      }
    }
  }
}
